
Microsoft Visual Studio Solution File, Format Version 12.00
# Visual Studio Version 17
VisualStudioVersion = 17.7.34221.43
MinimumVisualStudioVersion = 10.0.40219.1
Project("{FAE04EC0-301F-11D3-BF4B-00C04F79EFBC}") = "NezarkaBookstore", "NezarkaBookstore\NezarkaBookstore.csproj", "{F0113816-BAFF-4632-B710-E62D5D8A169C}"
EndProject
Project("{FAE04EC0-301F-11D3-BF4B-00C04F79EFBC}") = "NezarkaBookstoreTests", "NezarkaBookstoreTests\NezarkaBookstoreTests.csproj", "{C6F0FA7A-5E95-4D2B-9672-9B5FD945A56D}"
EndProject
Global
	GlobalSection(SolutionConfigurationPlatforms) = preSolution
		Debug|Any CPU = Debug|Any CPU
		Release|Any CPU = Release|Any CPU
	EndGlobalSection
	GlobalSection(ProjectConfigurationPlatforms) = postSolution
		{F0113816-BAFF-4632-B710-E62D5D8A169C}.Debug|Any CPU.ActiveCfg = Debug|Any CPU
		{F0113816-BAFF-4632-B710-E62D5D8A169C}.Debug|Any CPU.Build.0 = Debug|Any CPU
		{F0113816-BAFF-4632-B710-E62D5D8A169C}.Release|Any CPU.ActiveCfg = Release|Any CPU
		{F0113816-BAFF-4632-B710-E62D5D8A169C}.Release|Any CPU.Build.0 = Release|Any CPU
		{C6F0FA7A-5E95-4D2B-9672-9B5FD945A56D}.Debug|Any CPU.ActiveCfg = Debug|Any CPU
		{C6F0FA7A-5E95-4D2B-9672-9B5FD945A56D}.Debug|Any CPU.Build.0 = Debug|Any CPU
		{C6F0FA7A-5E95-4D2B-9672-9B5FD945A56D}.Release|Any CPU.ActiveCfg = Release|Any CPU
		{C6F0FA7A-5E95-4D2B-9672-9B5FD945A56D}.Release|Any CPU.Build.0 = Release|Any CPU
	EndGlobalSection
	GlobalSection(SolutionProperties) = preSolution
		HideSolutionNode = FALSE
	EndGlobalSection
	GlobalSection(ExtensibilityGlobals) = postSolution
		SolutionGuid = {E6F08655-10C7-47D7-A603-3E398C890F1F}
	EndGlobalSection
EndGlobal
