
Microsoft Visual Studio Solution File, Format Version 12.00
# Visual Studio Version 17
VisualStudioVersion = 17.3.32929.385
MinimumVisualStudioVersion = 10.0.40219.1
Project("{888888A0-9F3D-457C-B088-3A5042F75D52}") = "GoldbachSums-Jevcak", "GoldbachSums-Jevcak.pyproj", "{419F7F57-F0C3-4020-BA1E-ACB698579C2B}"
EndProject
Global
	GlobalSection(SolutionConfigurationPlatforms) = preSolution
		Debug|Any CPU = Debug|Any CPU
		Release|Any CPU = Release|Any CPU
	EndGlobalSection
	GlobalSection(ProjectConfigurationPlatforms) = postSolution
		{419F7F57-F0C3-4020-BA1E-ACB698579C2B}.Debug|Any CPU.ActiveCfg = Debug|Any CPU
		{419F7F57-F0C3-4020-BA1E-ACB698579C2B}.Release|Any CPU.ActiveCfg = Release|Any CPU
	EndGlobalSection
	GlobalSection(SolutionProperties) = preSolution
		HideSolutionNode = FALSE
	EndGlobalSection
	GlobalSection(ExtensibilityGlobals) = postSolution
		SolutionGuid = {4EC94FF6-6E82-4C07-97AF-5153C335F956}
	EndGlobalSection
EndGlobal
