
Microsoft Visual Studio Solution File, Format Version 12.00
# Visual Studio Version 17
VisualStudioVersion = 17.7.34221.43
MinimumVisualStudioVersion = 10.0.40219.1
Project("{FAE04EC0-301F-11D3-BF4B-00C04F79EFBC}") = "HuffmanCoding", "HuffmanCoding\HuffmanCoding.csproj", "{02CE81A7-1E75-4937-A587-34E20822548D}"
EndProject
Project("{FAE04EC0-301F-11D3-BF4B-00C04F79EFBC}") = "HuffmanTesting", "HuffmanTesting\HuffmanTesting.csproj", "{05BB272B-8105-4E28-880C-73E168046672}"
EndProject
Global
	GlobalSection(SolutionConfigurationPlatforms) = preSolution
		Debug|Any CPU = Debug|Any CPU
		Release|Any CPU = Release|Any CPU
	EndGlobalSection
	GlobalSection(ProjectConfigurationPlatforms) = postSolution
		{02CE81A7-1E75-4937-A587-34E20822548D}.Debug|Any CPU.ActiveCfg = Debug|Any CPU
		{02CE81A7-1E75-4937-A587-34E20822548D}.Debug|Any CPU.Build.0 = Debug|Any CPU
		{02CE81A7-1E75-4937-A587-34E20822548D}.Release|Any CPU.ActiveCfg = Release|Any CPU
		{02CE81A7-1E75-4937-A587-34E20822548D}.Release|Any CPU.Build.0 = Release|Any CPU
		{05BB272B-8105-4E28-880C-73E168046672}.Debug|Any CPU.ActiveCfg = Debug|Any CPU
		{05BB272B-8105-4E28-880C-73E168046672}.Debug|Any CPU.Build.0 = Debug|Any CPU
		{05BB272B-8105-4E28-880C-73E168046672}.Release|Any CPU.ActiveCfg = Release|Any CPU
		{05BB272B-8105-4E28-880C-73E168046672}.Release|Any CPU.Build.0 = Release|Any CPU
	EndGlobalSection
	GlobalSection(SolutionProperties) = preSolution
		HideSolutionNode = FALSE
	EndGlobalSection
	GlobalSection(ExtensibilityGlobals) = postSolution
		SolutionGuid = {9C19D942-5CF7-4EDD-820C-A2E0CAB37A26}
	EndGlobalSection
EndGlobal
