
Microsoft Visual Studio Solution File, Format Version 12.00
# Visual Studio Version 17
VisualStudioVersion = 17.7.34221.43
MinimumVisualStudioVersion = 10.0.40219.1
Project("{FAE04EC0-301F-11D3-BF4B-00C04F79EFBC}") = "Excel", "Excel\Excel.csproj", "{135C3140-7A28-406A-84D4-F5F58A2BF885}"
EndProject
Project("{FAE04EC0-301F-11D3-BF4B-00C04F79EFBC}") = "ExcelTesting", "ExcelTesting\ExcelTesting.csproj", "{BCE7E406-81FC-4BE9-95C9-CC0452B8A4A8}"
EndProject
Global
	GlobalSection(SolutionConfigurationPlatforms) = preSolution
		Debug|Any CPU = Debug|Any CPU
		Release|Any CPU = Release|Any CPU
	EndGlobalSection
	GlobalSection(ProjectConfigurationPlatforms) = postSolution
		{135C3140-7A28-406A-84D4-F5F58A2BF885}.Debug|Any CPU.ActiveCfg = Debug|Any CPU
		{135C3140-7A28-406A-84D4-F5F58A2BF885}.Debug|Any CPU.Build.0 = Debug|Any CPU
		{135C3140-7A28-406A-84D4-F5F58A2BF885}.Release|Any CPU.ActiveCfg = Release|Any CPU
		{135C3140-7A28-406A-84D4-F5F58A2BF885}.Release|Any CPU.Build.0 = Release|Any CPU
		{BCE7E406-81FC-4BE9-95C9-CC0452B8A4A8}.Debug|Any CPU.ActiveCfg = Debug|Any CPU
		{BCE7E406-81FC-4BE9-95C9-CC0452B8A4A8}.Debug|Any CPU.Build.0 = Debug|Any CPU
		{BCE7E406-81FC-4BE9-95C9-CC0452B8A4A8}.Release|Any CPU.ActiveCfg = Release|Any CPU
		{BCE7E406-81FC-4BE9-95C9-CC0452B8A4A8}.Release|Any CPU.Build.0 = Release|Any CPU
	EndGlobalSection
	GlobalSection(SolutionProperties) = preSolution
		HideSolutionNode = FALSE
	EndGlobalSection
	GlobalSection(ExtensibilityGlobals) = postSolution
		SolutionGuid = {C1CD8736-88BB-42C3-AC0B-634CA17C50E9}
	EndGlobalSection
EndGlobal
